
Microsoft Visual Studio Solution File, Format Version 12.00
# Visual Studio 15
Project("{FAE04EC0-301F-11D3-BF4B-00C04F79EFBC}") = "XLuaMvcEdiror", "XLuaMvcEdiror.csproj", "{4E752499-48B1-74D3-2EB0-D7F5C965F276}"
EndProject
Project("{FAE04EC0-301F-11D3-BF4B-00C04F79EFBC}") = "XLuaMvcEdiror.Editor", "XLuaMvcEdiror.Editor.csproj", "{025A8F0A-3A56-9010-6968-A462391B71B5}"
EndProject
Global
	GlobalSection(SolutionConfigurationPlatforms) = preSolution
		Debug|Any CPU = Debug|Any CPU
		Release|Any CPU = Release|Any CPU
	EndGlobalSection
	GlobalSection(ProjectConfigurationPlatforms) = postSolution
		{4E752499-48B1-74D3-2EB0-D7F5C965F276}.Debug|Any CPU.ActiveCfg = Debug|Any CPU
		{4E752499-48B1-74D3-2EB0-D7F5C965F276}.Debug|Any CPU.Build.0 = Debug|Any CPU
		{4E752499-48B1-74D3-2EB0-D7F5C965F276}.Release|Any CPU.ActiveCfg = Release|Any CPU
		{4E752499-48B1-74D3-2EB0-D7F5C965F276}.Release|Any CPU.Build.0 = Release|Any CPU
		{025A8F0A-3A56-9010-6968-A462391B71B5}.Debug|Any CPU.ActiveCfg = Debug|Any CPU
		{025A8F0A-3A56-9010-6968-A462391B71B5}.Debug|Any CPU.Build.0 = Debug|Any CPU
		{025A8F0A-3A56-9010-6968-A462391B71B5}.Release|Any CPU.ActiveCfg = Release|Any CPU
		{025A8F0A-3A56-9010-6968-A462391B71B5}.Release|Any CPU.Build.0 = Release|Any CPU
	EndGlobalSection
	GlobalSection(SolutionProperties) = preSolution
		HideSolutionNode = FALSE
	EndGlobalSection
EndGlobal
